// !$*UTF8*$!
{
	archiveVersion = 1;
	classes = {
	};
	objectVersion = 46;
	objects = {

/* Begin PBXBuildFile section */
		3B74C1B51AE50F160097E0B4 /* AydRootButton.m in Sources */ = {isa = PBXBuildFile; fileRef = 3B74C1B41AE50F150097E0B4 /* AydRootButton.m */; };
		3B74C1B81AE53C180097E0B4 /* Tool.m in Sources */ = {isa = PBXBuildFile; fileRef = 3B74C1B71AE53C180097E0B4 /* Tool.m */; };
		E784A74D1AE4CA290052E9E3 /* HomeViewController.m in Sources */ = {isa = PBXBuildFile; fileRef = E784A74B1AE4CA290052E9E3 /* HomeViewController.m */; };
		E784A74E1AE4CA290052E9E3 /* HomeViewController.xib in Resources */ = {isa = PBXBuildFile; fileRef = E784A74C1AE4CA290052E9E3 /* HomeViewController.xib */; };
		E784A7521AE4CAC20052E9E3 /* RegisterViewController.m in Sources */ = {isa = PBXBuildFile; fileRef = E784A7501AE4CAC20052E9E3 /* RegisterViewController.m */; };
		E784A7531AE4CAC20052E9E3 /* RegisterViewController.xib in Resources */ = {isa = PBXBuildFile; fileRef = E784A7511AE4CAC20052E9E3 /* RegisterViewController.xib */; };
		E784A7571AE4CAD10052E9E3 /* LoginViewController.m in Sources */ = {isa = PBXBuildFile; fileRef = E784A7551AE4CAD10052E9E3 /* LoginViewController.m */; };
		E784A7581AE4CAD10052E9E3 /* LoginViewController.xib in Resources */ = {isa = PBXBuildFile; fileRef = E784A7561AE4CAD10052E9E3 /* LoginViewController.xib */; };
		E784A75C1AE4CB120052E9E3 /* ScanCodeViewController.m in Sources */ = {isa = PBXBuildFile; fileRef = E784A75A1AE4CB120052E9E3 /* ScanCodeViewController.m */; };
		E784A75D1AE4CB120052E9E3 /* ScanCodeViewController.xib in Resources */ = {isa = PBXBuildFile; fileRef = E784A75B1AE4CB120052E9E3 /* ScanCodeViewController.xib */; };
		E7B70CD41AE4891500FF4B0B /* main.m in Sources */ = {isa = PBXBuildFile; fileRef = E7B70CD31AE4891500FF4B0B /* main.m */; };
		E7B70CD71AE4891500FF4B0B /* AppDelegate.m in Sources */ = {isa = PBXBuildFile; fileRef = E7B70CD61AE4891500FF4B0B /* AppDelegate.m */; };
		E7B70CDA1AE4891500FF4B0B /* ViewController.m in Sources */ = {isa = PBXBuildFile; fileRef = E7B70CD91AE4891500FF4B0B /* ViewController.m */; };
		E7B70CDD1AE4891500FF4B0B /* Main.storyboard in Resources */ = {isa = PBXBuildFile; fileRef = E7B70CDB1AE4891500FF4B0B /* Main.storyboard */; };
		E7B70CDF1AE4891500FF4B0B /* Images.xcassets in Resources */ = {isa = PBXBuildFile; fileRef = E7B70CDE1AE4891500FF4B0B /* Images.xcassets */; };
		E7B70CE21AE4891500FF4B0B /* LaunchScreen.xib in Resources */ = {isa = PBXBuildFile; fileRef = E7B70CE01AE4891500FF4B0B /* LaunchScreen.xib */; };
		E7B70CEE1AE4891600FF4B0B /* aiyideTests.m in Sources */ = {isa = PBXBuildFile; fileRef = E7B70CED1AE4891600FF4B0B /* aiyideTests.m */; };
/* End PBXBuildFile section */

/* Begin PBXContainerItemProxy section */
		E7B70CE81AE4891600FF4B0B /* PBXContainerItemProxy */ = {
			isa = PBXContainerItemProxy;
			containerPortal = E7B70CC61AE4891500FF4B0B /* Project object */;
			proxyType = 1;
			remoteGlobalIDString = E7B70CCD1AE4891500FF4B0B;
			remoteInfo = aiyide;
		};
/* End PBXContainerItemProxy section */

/* Begin PBXFileReference section */
		3B74C1B31AE50F150097E0B4 /* AydRootButton.h */ = {isa = PBXFileReference; fileEncoding = 4; lastKnownFileType = sourcecode.c.h; path = AydRootButton.h; sourceTree = "<group>"; };
		3B74C1B41AE50F150097E0B4 /* AydRootButton.m */ = {isa = PBXFileReference; fileEncoding = 4; lastKnownFileType = sourcecode.c.objc; path = AydRootButton.m; sourceTree = "<group>"; };
		3B74C1B61AE53C180097E0B4 /* Tool.h */ = {isa = PBXFileReference; fileEncoding = 4; lastKnownFileType = sourcecode.c.h; path = Tool.h; sourceTree = "<group>"; };
		3B74C1B71AE53C180097E0B4 /* Tool.m */ = {isa = PBXFileReference; fileEncoding = 4; lastKnownFileType = sourcecode.c.objc; path = Tool.m; sourceTree = "<group>"; };
		E784A74A1AE4CA290052E9E3 /* HomeViewController.h */ = {isa = PBXFileReference; fileEncoding = 4; lastKnownFileType = sourcecode.c.h; path = HomeViewController.h; sourceTree = "<group>"; };
		E784A74B1AE4CA290052E9E3 /* HomeViewController.m */ = {isa = PBXFileReference; fileEncoding = 4; lastKnownFileType = sourcecode.c.objc; path = HomeViewController.m; sourceTree = "<group>"; };
		E784A74C1AE4CA290052E9E3 /* HomeViewController.xib */ = {isa = PBXFileReference; fileEncoding = 4; lastKnownFileType = file.xib; path = HomeViewController.xib; sourceTree = "<group>"; };
		E784A74F1AE4CAC20052E9E3 /* RegisterViewController.h */ = {isa = PBXFileReference; fileEncoding = 4; lastKnownFileType = sourcecode.c.h; path = RegisterViewController.h; sourceTree = "<group>"; };
		E784A7501AE4CAC20052E9E3 /* RegisterViewController.m */ = {isa = PBXFileReference; fileEncoding = 4; lastKnownFileType = sourcecode.c.objc; path = RegisterViewController.m; sourceTree = "<group>"; };
		E784A7511AE4CAC20052E9E3 /* RegisterViewController.xib */ = {isa = PBXFileReference; fileEncoding = 4; lastKnownFileType = file.xib; path = RegisterViewController.xib; sourceTree = "<group>"; };
		E784A7541AE4CAD10052E9E3 /* LoginViewController.h */ = {isa = PBXFileReference; fileEncoding = 4; lastKnownFileType = sourcecode.c.h; path = LoginViewController.h; sourceTree = "<group>"; };
		E784A7551AE4CAD10052E9E3 /* LoginViewController.m */ = {isa = PBXFileReference; fileEncoding = 4; lastKnownFileType = sourcecode.c.objc; path = LoginViewController.m; sourceTree = "<group>"; };
		E784A7561AE4CAD10052E9E3 /* LoginViewController.xib */ = {isa = PBXFileReference; fileEncoding = 4; lastKnownFileType = file.xib; path = LoginViewController.xib; sourceTree = "<group>"; };
		E784A7591AE4CB120052E9E3 /* ScanCodeViewController.h */ = {isa = PBXFileReference; fileEncoding = 4; lastKnownFileType = sourcecode.c.h; path = ScanCodeViewController.h; sourceTree = "<group>"; };
		E784A75A1AE4CB120052E9E3 /* ScanCodeViewController.m */ = {isa = PBXFileReference; fileEncoding = 4; lastKnownFileType = sourcecode.c.objc; path = ScanCodeViewController.m; sourceTree = "<group>"; };
		E784A75B1AE4CB120052E9E3 /* ScanCodeViewController.xib */ = {isa = PBXFileReference; fileEncoding = 4; lastKnownFileType = file.xib; path = ScanCodeViewController.xib; sourceTree = "<group>"; };
		E7B70CCE1AE4891500FF4B0B /* aiyide.app */ = {isa = PBXFileReference; explicitFileType = wrapper.application; includeInIndex = 0; path = aiyide.app; sourceTree = BUILT_PRODUCTS_DIR; };
		E7B70CD21AE4891500FF4B0B /* Info.plist */ = {isa = PBXFileReference; lastKnownFileType = text.plist.xml; path = Info.plist; sourceTree = "<group>"; };
		E7B70CD31AE4891500FF4B0B /* main.m */ = {isa = PBXFileReference; lastKnownFileType = sourcecode.c.objc; path = main.m; sourceTree = "<group>"; };
		E7B70CD51AE4891500FF4B0B /* AppDelegate.h */ = {isa = PBXFileReference; lastKnownFileType = sourcecode.c.h; path = AppDelegate.h; sourceTree = "<group>"; };
		E7B70CD61AE4891500FF4B0B /* AppDelegate.m */ = {isa = PBXFileReference; lastKnownFileType = sourcecode.c.objc; path = AppDelegate.m; sourceTree = "<group>"; };
		E7B70CD81AE4891500FF4B0B /* ViewController.h */ = {isa = PBXFileReference; lastKnownFileType = sourcecode.c.h; path = ViewController.h; sourceTree = "<group>"; };
		E7B70CD91AE4891500FF4B0B /* ViewController.m */ = {isa = PBXFileReference; lastKnownFileType = sourcecode.c.objc; path = ViewController.m; sourceTree = "<group>"; };
		E7B70CDC1AE4891500FF4B0B /* Base */ = {isa = PBXFileReference; lastKnownFileType = file.storyboard; name = Base; path = Base.lproj/Main.storyboard; sourceTree = "<group>"; };
		E7B70CDE1AE4891500FF4B0B /* Images.xcassets */ = {isa = PBXFileReference; lastKnownFileType = folder.assetcatalog; path = Images.xcassets; sourceTree = "<group>"; };
		E7B70CE11AE4891500FF4B0B /* Base */ = {isa = PBXFileReference; lastKnownFileType = file.xib; name = Base; path = Base.lproj/LaunchScreen.xib; sourceTree = "<group>"; };
		E7B70CE71AE4891600FF4B0B /* aiyideTests.xctest */ = {isa = PBXFileReference; explicitFileType = wrapper.cfbundle; includeInIndex = 0; path = aiyideTests.xctest; sourceTree = BUILT_PRODUCTS_DIR; };
		E7B70CEC1AE4891600FF4B0B /* Info.plist */ = {isa = PBXFileReference; lastKnownFileType = text.plist.xml; path = Info.plist; sourceTree = "<group>"; };
		E7B70CED1AE4891600FF4B0B /* aiyideTests.m */ = {isa = PBXFileReference; lastKnownFileType = sourcecode.c.objc; path = aiyideTests.m; sourceTree = "<group>"; };
/* End PBXFileReference section */

/* Begin PBXFrameworksBuildPhase section */
		E7B70CCB1AE4891500FF4B0B /* Frameworks */ = {
			isa = PBXFrameworksBuildPhase;
			buildActionMask = 2147483647;
			files = (
			);
			runOnlyForDeploymentPostprocessing = 0;
		};
		E7B70CE41AE4891600FF4B0B /* Frameworks */ = {
			isa = PBXFrameworksBuildPhase;
			buildActionMask = 2147483647;
			files = (
			);
			runOnlyForDeploymentPostprocessing = 0;
		};
/* End PBXFrameworksBuildPhase section */

/* Begin PBXGroup section */
		E784A7461AE4C9E00052E9E3 /* Classes */ = {
			isa = PBXGroup;
			children = (
				E784A7491AE4CA0D0052E9E3 /* views */,
				E784A7481AE4C9FB0052E9E3 /* model */,
				E784A7471AE4C9F20052E9E3 /* controllers */,
			);
			name = Classes;
			sourceTree = "<group>";
		};
		E784A7471AE4C9F20052E9E3 /* controllers */ = {
			isa = PBXGroup;
			children = (
				E784A74A1AE4CA290052E9E3 /* HomeViewController.h */,
				E784A74B1AE4CA290052E9E3 /* HomeViewController.m */,
				E784A74C1AE4CA290052E9E3 /* HomeViewController.xib */,
				E784A74F1AE4CAC20052E9E3 /* RegisterViewController.h */,
				E784A7501AE4CAC20052E9E3 /* RegisterViewController.m */,
				E784A7511AE4CAC20052E9E3 /* RegisterViewController.xib */,
				E784A7541AE4CAD10052E9E3 /* LoginViewController.h */,
				E784A7551AE4CAD10052E9E3 /* LoginViewController.m */,
				E784A7561AE4CAD10052E9E3 /* LoginViewController.xib */,
				E784A7591AE4CB120052E9E3 /* ScanCodeViewController.h */,
				E784A75A1AE4CB120052E9E3 /* ScanCodeViewController.m */,
				E784A75B1AE4CB120052E9E3 /* ScanCodeViewController.xib */,
			);
			name = controllers;
			sourceTree = "<group>";
		};
		E784A7481AE4C9FB0052E9E3 /* model */ = {
			isa = PBXGroup;
			children = (
				3B74C1B61AE53C180097E0B4 /* Tool.h */,
				3B74C1B71AE53C180097E0B4 /* Tool.m */,
			);
			name = model;
			sourceTree = "<group>";
		};
		E784A7491AE4CA0D0052E9E3 /* views */ = {
			isa = PBXGroup;
			children = (
				3B74C1B31AE50F150097E0B4 /* AydRootButton.h */,
				3B74C1B41AE50F150097E0B4 /* AydRootButton.m */,
			);
			name = views;
			sourceTree = "<group>";
		};
		E7B70CC51AE4891500FF4B0B = {
			isa = PBXGroup;
			children = (
				E7B70CD01AE4891500FF4B0B /* aiyide */,
				E7B70CEA1AE4891600FF4B0B /* aiyideTests */,
				E7B70CCF1AE4891500FF4B0B /* Products */,
			);
			sourceTree = "<group>";
		};
		E7B70CCF1AE4891500FF4B0B /* Products */ = {
			isa = PBXGroup;
			children = (
				E7B70CCE1AE4891500FF4B0B /* aiyide.app */,
				E7B70CE71AE4891600FF4B0B /* aiyideTests.xctest */,
			);
			name = Products;
			sourceTree = "<group>";
		};
		E7B70CD01AE4891500FF4B0B /* aiyide */ = {
			isa = PBXGroup;
			children = (
				E784A7461AE4C9E00052E9E3 /* Classes */,
				E7B70CD51AE4891500FF4B0B /* AppDelegate.h */,
				E7B70CD61AE4891500FF4B0B /* AppDelegate.m */,
				E7B70CD81AE4891500FF4B0B /* ViewController.h */,
				E7B70CD91AE4891500FF4B0B /* ViewController.m */,
				E7B70CDB1AE4891500FF4B0B /* Main.storyboard */,
				E7B70CDE1AE4891500FF4B0B /* Images.xcassets */,
				E7B70CE01AE4891500FF4B0B /* LaunchScreen.xib */,
				E7B70CD11AE4891500FF4B0B /* Supporting Files */,
			);
			path = aiyide;
			sourceTree = "<group>";
		};
		E7B70CD11AE4891500FF4B0B /* Supporting Files */ = {
			isa = PBXGroup;
			children = (
				E7B70CD21AE4891500FF4B0B /* Info.plist */,
				E7B70CD31AE4891500FF4B0B /* main.m */,
			);
			name = "Supporting Files";
			sourceTree = "<group>";
		};
		E7B70CEA1AE4891600FF4B0B /* aiyideTests */ = {
			isa = PBXGroup;
			children = (
				E7B70CED1AE4891600FF4B0B /* aiyideTests.m */,
				E7B70CEB1AE4891600FF4B0B /* Supporting Files */,
			);
			path = aiyideTests;
			sourceTree = "<group>";
		};
		E7B70CEB1AE4891600FF4B0B /* Supporting Files */ = {
			isa = PBXGroup;
			children = (
				E7B70CEC1AE4891600FF4B0B /* Info.plist */,
			);
			name = "Supporting Files";
			sourceTree = "<group>";
		};
/* End PBXGroup section */

/* Begin PBXNativeTarget section */
		E7B70CCD1AE4891500FF4B0B /* aiyide */ = {
			isa = PBXNativeTarget;
			buildConfigurationList = E7B70CF11AE4891600FF4B0B /* Build configuration list for PBXNativeTarget "aiyide" */;
			buildPhases = (
				E7B70CCA1AE4891500FF4B0B /* Sources */,
				E7B70CCB1AE4891500FF4B0B /* Frameworks */,
				E7B70CCC1AE4891500FF4B0B /* Resources */,
			);
			buildRules = (
			);
			dependencies = (
			);
			name = aiyide;
			productName = aiyide;
			productReference = E7B70CCE1AE4891500FF4B0B /* aiyide.app */;
			productType = "com.apple.product-type.application";
		};
		E7B70CE61AE4891600FF4B0B /* aiyideTests */ = {
			isa = PBXNativeTarget;
			buildConfigurationList = E7B70CF41AE4891600FF4B0B /* Build configuration list for PBXNativeTarget "aiyideTests" */;
			buildPhases = (
				E7B70CE31AE4891600FF4B0B /* Sources */,
				E7B70CE41AE4891600FF4B0B /* Frameworks */,
				E7B70CE51AE4891600FF4B0B /* Resources */,
			);
			buildRules = (
			);
			dependencies = (
				E7B70CE91AE4891600FF4B0B /* PBXTargetDependency */,
			);
			name = aiyideTests;
			productName = aiyideTests;
			productReference = E7B70CE71AE4891600FF4B0B /* aiyideTests.xctest */;
			productType = "com.apple.product-type.bundle.unit-test";
		};
/* End PBXNativeTarget section */

/* Begin PBXProject section */
		E7B70CC61AE4891500FF4B0B /* Project object */ = {
			isa = PBXProject;
			attributes = {
				LastUpgradeCheck = 0610;
				ORGANIZATIONNAME = songzm;
				TargetAttributes = {
					E7B70CCD1AE4891500FF4B0B = {
						CreatedOnToolsVersion = 6.1.1;
					};
					E7B70CE61AE4891600FF4B0B = {
						CreatedOnToolsVersion = 6.1.1;
						TestTargetID = E7B70CCD1AE4891500FF4B0B;
					};
				};
			};
			buildConfigurationList = E7B70CC91AE4891500FF4B0B /* Build configuration list for PBXProject "aiyide" */;
			compatibilityVersion = "Xcode 3.2";
			developmentRegion = English;
			hasScannedForEncodings = 0;
			knownRegions = (
				en,
				Base,
			);
			mainGroup = E7B70CC51AE4891500FF4B0B;
			productRefGroup = E7B70CCF1AE4891500FF4B0B /* Products */;
			projectDirPath = "";
			projectRoot = "";
			targets = (
				E7B70CCD1AE4891500FF4B0B /* aiyide */,
				E7B70CE61AE4891600FF4B0B /* aiyideTests */,
			);
		};
/* End PBXProject section */

/* Begin PBXResourcesBuildPhase section */
		E7B70CCC1AE4891500FF4B0B /* Resources */ = {
			isa = PBXResourcesBuildPhase;
			buildActionMask = 2147483647;
			files = (
				E7B70CDD1AE4891500FF4B0B /* Main.storyboard in Resources */,
				E784A7531AE4CAC20052E9E3 /* RegisterViewController.xib in Resources */,
				E784A7581AE4CAD10052E9E3 /* LoginViewController.xib in Resources */,
				E7B70CE21AE4891500FF4B0B /* LaunchScreen.xib in Resources */,
				E784A75D1AE4CB120052E9E3 /* ScanCodeViewController.xib in Resources */,
				E7B70CDF1AE4891500FF4B0B /* Images.xcassets in Resources */,
				E784A74E1AE4CA290052E9E3 /* HomeViewController.xib in Resources */,
			);
			runOnlyForDeploymentPostprocessing = 0;
		};
		E7B70CE51AE4891600FF4B0B /* Resources */ = {
			isa = PBXResourcesBuildPhase;
			buildActionMask = 2147483647;
			files = (
			);
			runOnlyForDeploymentPostprocessing = 0;
		};
/* End PBXResourcesBuildPhase section */

/* Begin PBXSourcesBuildPhase section */
		E7B70CCA1AE4891500FF4B0B /* Sources */ = {
			isa = PBXSourcesBuildPhase;
			buildActionMask = 2147483647;
			files = (
				3B74C1B51AE50F160097E0B4 /* AydRootButton.m in Sources */,
				E784A7521AE4CAC20052E9E3 /* RegisterViewController.m in Sources */,
				E7B70CDA1AE4891500FF4B0B /* ViewController.m in Sources */,
				E784A7571AE4CAD10052E9E3 /* LoginViewController.m in Sources */,
				E7B70CD71AE4891500FF4B0B /* AppDelegate.m in Sources */,
				E7B70CD41AE4891500FF4B0B /* main.m in Sources */,
				E784A74D1AE4CA290052E9E3 /* HomeViewController.m in Sources */,
				3B74C1B81AE53C180097E0B4 /* Tool.m in Sources */,
				E784A75C1AE4CB120052E9E3 /* ScanCodeViewController.m in Sources */,
			);
			runOnlyForDeploymentPostprocessing = 0;
		};
		E7B70CE31AE4891600FF4B0B /* Sources */ = {
			isa = PBXSourcesBuildPhase;
			buildActionMask = 2147483647;
			files = (
				E7B70CEE1AE4891600FF4B0B /* aiyideTests.m in Sources */,
			);
			runOnlyForDeploymentPostprocessing = 0;
		};
/* End PBXSourcesBuildPhase section */

/* Begin PBXTargetDependency section */
		E7B70CE91AE4891600FF4B0B /* PBXTargetDependency */ = {
			isa = PBXTargetDependency;
			target = E7B70CCD1AE4891500FF4B0B /* aiyide */;
			targetProxy = E7B70CE81AE4891600FF4B0B /* PBXContainerItemProxy */;
		};
/* End PBXTargetDependency section */

/* Begin PBXVariantGroup section */
		E7B70CDB1AE4891500FF4B0B /* Main.storyboard */ = {
			isa = PBXVariantGroup;
			children = (
				E7B70CDC1AE4891500FF4B0B /* Base */,
			);
			name = Main.storyboard;
			sourceTree = "<group>";
		};
		E7B70CE01AE4891500FF4B0B /* LaunchScreen.xib */ = {
			isa = PBXVariantGroup;
			children = (
				E7B70CE11AE4891500FF4B0B /* Base */,
			);
			name = LaunchScreen.xib;
			sourceTree = "<group>";
		};
/* End PBXVariantGroup section */

/* Begin XCBuildConfiguration section */
		E7B70CEF1AE4891600FF4B0B /* Debug */ = {
			isa = XCBuildConfiguration;
			buildSettings = {
				ALWAYS_SEARCH_USER_PATHS = NO;
				CLANG_CXX_LANGUAGE_STANDARD = "gnu++0x";
				CLANG_CXX_LIBRARY = "libc++";
				CLANG_ENABLE_MODULES = YES;
				CLANG_ENABLE_OBJC_ARC = YES;
				CLANG_WARN_BOOL_CONVERSION = YES;
				CLANG_WARN_CONSTANT_CONVERSION = YES;
				CLANG_WARN_DIRECT_OBJC_ISA_USAGE = YES_ERROR;
				CLANG_WARN_EMPTY_BODY = YES;
				CLANG_WARN_ENUM_CONVERSION = YES;
				CLANG_WARN_INT_CONVERSION = YES;
				CLANG_WARN_OBJC_ROOT_CLASS = YES_ERROR;
				CLANG_WARN_UNREACHABLE_CODE = YES;
				CLANG_WARN__DUPLICATE_METHOD_MATCH = YES;
				"CODE_SIGN_IDENTITY[sdk=iphoneos*]" = "iPhone Developer";
				COPY_PHASE_STRIP = NO;
				ENABLE_STRICT_OBJC_MSGSEND = YES;
				GCC_C_LANGUAGE_STANDARD = gnu99;
				GCC_DYNAMIC_NO_PIC = NO;
				GCC_OPTIMIZATION_LEVEL = 0;
				GCC_PREPROCESSOR_DEFINITIONS = (
					"DEBUG=1",
					"$(inherited)",
				);
				GCC_SYMBOLS_PRIVATE_EXTERN = NO;
				GCC_WARN_64_TO_32_BIT_CONVERSION = YES;
				GCC_WARN_ABOUT_RETURN_TYPE = YES_ERROR;
				GCC_WARN_UNDECLARED_SELECTOR = YES;
				GCC_WARN_UNINITIALIZED_AUTOS = YES_AGGRESSIVE;
				GCC_WARN_UNUSED_FUNCTION = YES;
				GCC_WARN_UNUSED_VARIABLE = YES;
				IPHONEOS_DEPLOYMENT_TARGET = 8.1;
				MTL_ENABLE_DEBUG_INFO = YES;
				ONLY_ACTIVE_ARCH = YES;
				SDKROOT = iphoneos;
			};
			name = Debug;
		};
		E7B70CF01AE4891600FF4B0B /* Release */ = {
			isa = XCBuildConfiguration;
			buildSettings = {
				ALWAYS_SEARCH_USER_PATHS = NO;
				CLANG_CXX_LANGUAGE_STANDARD = "gnu++0x";
				CLANG_CXX_LIBRARY = "libc++";
				CLANG_ENABLE_MODULES = YES;
				CLANG_ENABLE_OBJC_ARC = YES;
				CLANG_WARN_BOOL_CONVERSION = YES;
				CLANG_WARN_CONSTANT_CONVERSION = YES;
				CLANG_WARN_DIRECT_OBJC_ISA_USAGE = YES_ERROR;
				CLANG_WARN_EMPTY_BODY = YES;
				CLANG_WARN_ENUM_CONVERSION = YES;
				CLANG_WARN_INT_CONVERSION = YES;
				CLANG_WARN_OBJC_ROOT_CLASS = YES_ERROR;
				CLANG_WARN_UNREACHABLE_CODE = YES;
				CLANG_WARN__DUPLICATE_METHOD_MATCH = YES;
				"CODE_SIGN_IDENTITY[sdk=iphoneos*]" = "iPhone Developer";
				COPY_PHASE_STRIP = YES;
				ENABLE_NS_ASSERTIONS = NO;
				ENABLE_STRICT_OBJC_MSGSEND = YES;
				GCC_C_LANGUAGE_STANDARD = gnu99;
				GCC_WARN_64_TO_32_BIT_CONVERSION = YES;
				GCC_WARN_ABOUT_RETURN_TYPE = YES_ERROR;
				GCC_WARN_UNDECLARED_SELECTOR = YES;
				GCC_WARN_UNINITIALIZED_AUTOS = YES_AGGRESSIVE;
				GCC_WARN_UNUSED_FUNCTION = YES;
				GCC_WARN_UNUSED_VARIABLE = YES;
				IPHONEOS_DEPLOYMENT_TARGET = 8.1;
				MTL_ENABLE_DEBUG_INFO = NO;
				SDKROOT = iphoneos;
				VALIDATE_PRODUCT = YES;
			};
			name = Release;
		};
		E7B70CF21AE4891600FF4B0B /* Debug */ = {
			isa = XCBuildConfiguration;
			buildSettings = {
				ASSETCATALOG_COMPILER_APPICON_NAME = AppIcon;
				INFOPLIST_FILE = aiyide/Info.plist;
				IPHONEOS_DEPLOYMENT_TARGET = 7.0;
				LD_RUNPATH_SEARCH_PATHS = "$(inherited) @executable_path/Frameworks";
				PRODUCT_NAME = "$(TARGET_NAME)";
			};
			name = Debug;
		};
		E7B70CF31AE4891600FF4B0B /* Release */ = {
			isa = XCBuildConfiguration;
			buildSettings = {
				ASSETCATALOG_COMPILER_APPICON_NAME = AppIcon;
				INFOPLIST_FILE = aiyide/Info.plist;
				IPHONEOS_DEPLOYMENT_TARGET = 7.0;
				LD_RUNPATH_SEARCH_PATHS = "$(inherited) @executable_path/Frameworks";
				PRODUCT_NAME = "$(TARGET_NAME)";
			};
			name = Release;
		};
		E7B70CF51AE4891600FF4B0B /* Debug */ = {
			isa = XCBuildConfiguration;
			buildSettings = {
				BUNDLE_LOADER = "$(TEST_HOST)";
				FRAMEWORK_SEARCH_PATHS = (
					"$(SDKROOT)/Developer/Library/Frameworks",
					"$(inherited)",
				);
				GCC_PREPROCESSOR_DEFINITIONS = (
					"DEBUG=1",
					"$(inherited)",
				);
				INFOPLIST_FILE = aiyideTests/Info.plist;
				LD_RUNPATH_SEARCH_PATHS = "$(inherited) @executable_path/Frameworks @loader_path/Frameworks";
				PRODUCT_NAME = "$(TARGET_NAME)";
				TEST_HOST = "$(BUILT_PRODUCTS_DIR)/aiyide.app/aiyide";
			};
			name = Debug;
		};
		E7B70CF61AE4891600FF4B0B /* Release */ = {
			isa = XCBuildConfiguration;
			buildSettings = {
				BUNDLE_LOADER = "$(TEST_HOST)";
				FRAMEWORK_SEARCH_PATHS = (
					"$(SDKROOT)/Developer/Library/Frameworks",
					"$(inherited)",
				);
				INFOPLIST_FILE = aiyideTests/Info.plist;
				LD_RUNPATH_SEARCH_PATHS = "$(inherited) @executable_path/Frameworks @loader_path/Frameworks";
				PRODUCT_NAME = "$(TARGET_NAME)";
				TEST_HOST = "$(BUILT_PRODUCTS_DIR)/aiyide.app/aiyide";
			};
			name = Release;
		};
/* End XCBuildConfiguration section */

/* Begin XCConfigurationList section */
		E7B70CC91AE4891500FF4B0B /* Build configuration list for PBXProject "aiyide" */ = {
			isa = XCConfigurationList;
			buildConfigurations = (
				E7B70CEF1AE4891600FF4B0B /* Debug */,
				E7B70CF01AE4891600FF4B0B /* Release */,
			);
			defaultConfigurationIsVisible = 0;
			defaultConfigurationName = Release;
		};
		E7B70CF11AE4891600FF4B0B /* Build configuration list for PBXNativeTarget "aiyide" */ = {
			isa = XCConfigurationList;
			buildConfigurations = (
				E7B70CF21AE4891600FF4B0B /* Debug */,
				E7B70CF31AE4891600FF4B0B /* Release */,
			);
			defaultConfigurationIsVisible = 0;
			defaultConfigurationName = Release;
		};
		E7B70CF41AE4891600FF4B0B /* Build configuration list for PBXNativeTarget "aiyideTests" */ = {
			isa = XCConfigurationList;
			buildConfigurations = (
				E7B70CF51AE4891600FF4B0B /* Debug */,
				E7B70CF61AE4891600FF4B0B /* Release */,
			);
			defaultConfigurationIsVisible = 0;
			defaultConfigurationName = Release;
		};
/* End XCConfigurationList section */
	};
	rootObject = E7B70CC61AE4891500FF4B0B /* Project object */;
}
