// !$*UTF8*$!
{
	archiveVersion = 1;
	classes = {
	};
	objectVersion = 46;
	objects = {

/* Begin PBXBuildFile section */
		3B74C1B51AE50F160097E0B4 /* AydRootButton.m in Sources */ = {isa = PBXBuildFile; fileRef = 3B74C1B41AE50F150097E0B4 /* AydRootButton.m */; };
		3B74C1B81AE53C180097E0B4 /* Tool.m in Sources */ = {isa = PBXBuildFile; fileRef = 3B74C1B71AE53C180097E0B4 /* Tool.m */; };
		3B9FE2691AE6160D008DCB1F /* bitstream.c in Sources */ = {isa = PBXBuildFile; fileRef = 3B9FE2591AE6160D008DCB1F /* bitstream.c */; };
		3B9FE26A1AE6160D008DCB1F /* mask.c in Sources */ = {isa = PBXBuildFile; fileRef = 3B9FE25B1AE6160D008DCB1F /* mask.c */; };
		3B9FE26B1AE6160D008DCB1F /* QRCodeGenerator.m in Sources */ = {isa = PBXBuildFile; fileRef = 3B9FE25E1AE6160D008DCB1F /* QRCodeGenerator.m */; };
		3B9FE26C1AE6160D008DCB1F /* qrencode.c in Sources */ = {isa = PBXBuildFile; fileRef = 3B9FE25F1AE6160D008DCB1F /* qrencode.c */; };
		3B9FE26D1AE6160D008DCB1F /* qrinput.c in Sources */ = {isa = PBXBuildFile; fileRef = 3B9FE2611AE6160D008DCB1F /* qrinput.c */; };
		3B9FE26E1AE6160D008DCB1F /* qrspec.c in Sources */ = {isa = PBXBuildFile; fileRef = 3B9FE2631AE6160D008DCB1F /* qrspec.c */; };
		3B9FE26F1AE6160D008DCB1F /* rscode.c in Sources */ = {isa = PBXBuildFile; fileRef = 3B9FE2651AE6160D008DCB1F /* rscode.c */; };
		3B9FE2701AE6160D008DCB1F /* split.c in Sources */ = {isa = PBXBuildFile; fileRef = 3B9FE2671AE6160D008DCB1F /* split.c */; };
		3B9FE2741AE61647008DCB1F /* QRCodeViewController.m in Sources */ = {isa = PBXBuildFile; fileRef = 3B9FE2721AE61647008DCB1F /* QRCodeViewController.m */; };
		3B9FE2751AE61647008DCB1F /* QRCodeViewController.xib in Resources */ = {isa = PBXBuildFile; fileRef = 3B9FE2731AE61647008DCB1F /* QRCodeViewController.xib */; };
		3B9FE2771AE61695008DCB1F /* HomeViewController.xib in Resources */ = {isa = PBXBuildFile; fileRef = 3B9FE2761AE61695008DCB1F /* HomeViewController.xib */; };
		93FBE36F7532D0FD4EC3A965 /* libPods.a in Frameworks */ = {isa = PBXBuildFile; fileRef = B8C187D62C28895C6651765A /* libPods.a */; };
		E744DADF1AE5F34B00D6AAE9 /* SoapHelper.m in Sources */ = {isa = PBXBuildFile; fileRef = E744DADE1AE5F34B00D6AAE9 /* SoapHelper.m */; };
		E744DAE31AE5F39E00D6AAE9 /* SoapXmlParseHelper.m in Sources */ = {isa = PBXBuildFile; fileRef = E744DAE21AE5F39E00D6AAE9 /* SoapXmlParseHelper.m */; settings = {COMPILER_FLAGS = "-fno-objc-arc"; }; };
		E744DAE81AE5F3AB00D6AAE9 /* GDataXMLNode.m in Sources */ = {isa = PBXBuildFile; fileRef = E744DAE71AE5F3AB00D6AAE9 /* GDataXMLNode.m */; settings = {COMPILER_FLAGS = "-fno-objc-arc"; }; };
		E744DAEB1AE5F3C200D6AAE9 /* AppHelper.m in Sources */ = {isa = PBXBuildFile; fileRef = E744DAEA1AE5F3C200D6AAE9 /* AppHelper.m */; };
		E744DAEF1AE5F3F300D6AAE9 /* WebServices.m in Sources */ = {isa = PBXBuildFile; fileRef = E744DAEE1AE5F3F300D6AAE9 /* WebServices.m */; settings = {COMPILER_FLAGS = "-fno-objc-arc"; }; };
		E744DB021AE5F43300D6AAE9 /* ASIAuthenticationDialog.m in Sources */ = {isa = PBXBuildFile; fileRef = E744DAF31AE5F43300D6AAE9 /* ASIAuthenticationDialog.m */; settings = {COMPILER_FLAGS = "-fno-objc-arc"; }; };
		E744DB031AE5F43300D6AAE9 /* ASIDataCompressor.m in Sources */ = {isa = PBXBuildFile; fileRef = E744DAF61AE5F43300D6AAE9 /* ASIDataCompressor.m */; };
		E744DB041AE5F43300D6AAE9 /* ASIDataDecompressor.m in Sources */ = {isa = PBXBuildFile; fileRef = E744DAF81AE5F43300D6AAE9 /* ASIDataDecompressor.m */; settings = {COMPILER_FLAGS = "-fno-objc-arc"; }; };
		E744DB051AE5F43300D6AAE9 /* ASIHTTPRequest.m in Sources */ = {isa = PBXBuildFile; fileRef = E744DAFA1AE5F43300D6AAE9 /* ASIHTTPRequest.m */; settings = {COMPILER_FLAGS = "-fno-objc-arc"; }; };
		E744DB061AE5F43300D6AAE9 /* ASIInputStream.m in Sources */ = {isa = PBXBuildFile; fileRef = E744DAFE1AE5F43300D6AAE9 /* ASIInputStream.m */; settings = {COMPILER_FLAGS = "-fno-objc-arc"; }; };
		E744DB071AE5F43300D6AAE9 /* ASINetworkQueue.m in Sources */ = {isa = PBXBuildFile; fileRef = E744DB001AE5F43300D6AAE9 /* ASINetworkQueue.m */; settings = {COMPILER_FLAGS = "-fno-objc-arc"; }; };
		E744DB0B1AE5F46700D6AAE9 /* Reachability.m in Sources */ = {isa = PBXBuildFile; fileRef = E744DB0A1AE5F46700D6AAE9 /* Reachability.m */; settings = {COMPILER_FLAGS = "-fno-objc-arc"; }; };
		E744DB0E1AE5F47900D6AAE9 /* ServiceHelper.m in Sources */ = {isa = PBXBuildFile; fileRef = E744DB0D1AE5F47900D6AAE9 /* ServiceHelper.m */; settings = {COMPILER_FLAGS = "-fno-objc-arc"; }; };
		E744DB101AE5F6CB00D6AAE9 /* libz.dylib in Frameworks */ = {isa = PBXBuildFile; fileRef = E744DB0F1AE5F6CB00D6AAE9 /* libz.dylib */; };
		E784A74D1AE4CA290052E9E3 /* HomeViewController.m in Sources */ = {isa = PBXBuildFile; fileRef = E784A74B1AE4CA290052E9E3 /* HomeViewController.m */; };
		E784A7521AE4CAC20052E9E3 /* RegisterViewController.m in Sources */ = {isa = PBXBuildFile; fileRef = E784A7501AE4CAC20052E9E3 /* RegisterViewController.m */; };
		E784A7531AE4CAC20052E9E3 /* RegisterViewController.xib in Resources */ = {isa = PBXBuildFile; fileRef = E784A7511AE4CAC20052E9E3 /* RegisterViewController.xib */; };
		E784A7571AE4CAD10052E9E3 /* LoginViewController.m in Sources */ = {isa = PBXBuildFile; fileRef = E784A7551AE4CAD10052E9E3 /* LoginViewController.m */; };
		E784A7581AE4CAD10052E9E3 /* LoginViewController.xib in Resources */ = {isa = PBXBuildFile; fileRef = E784A7561AE4CAD10052E9E3 /* LoginViewController.xib */; };
		E784A75F1AE5E9270052E9E3 /* libxml2.dylib in Frameworks */ = {isa = PBXBuildFile; fileRef = E784A75E1AE5E9270052E9E3 /* libxml2.dylib */; };
		E7B70CD41AE4891500FF4B0B /* main.m in Sources */ = {isa = PBXBuildFile; fileRef = E7B70CD31AE4891500FF4B0B /* main.m */; };
		E7B70CD71AE4891500FF4B0B /* AppDelegate.m in Sources */ = {isa = PBXBuildFile; fileRef = E7B70CD61AE4891500FF4B0B /* AppDelegate.m */; };
		E7B70CDA1AE4891500FF4B0B /* ViewController.m in Sources */ = {isa = PBXBuildFile; fileRef = E7B70CD91AE4891500FF4B0B /* ViewController.m */; };
		E7B70CDD1AE4891500FF4B0B /* Main.storyboard in Resources */ = {isa = PBXBuildFile; fileRef = E7B70CDB1AE4891500FF4B0B /* Main.storyboard */; };
		E7B70CDF1AE4891500FF4B0B /* Images.xcassets in Resources */ = {isa = PBXBuildFile; fileRef = E7B70CDE1AE4891500FF4B0B /* Images.xcassets */; };
		E7B70CE21AE4891500FF4B0B /* LaunchScreen.xib in Resources */ = {isa = PBXBuildFile; fileRef = E7B70CE01AE4891500FF4B0B /* LaunchScreen.xib */; };
		E7B70CEE1AE4891600FF4B0B /* aiyideTests.m in Sources */ = {isa = PBXBuildFile; fileRef = E7B70CED1AE4891600FF4B0B /* aiyideTests.m */; };
		E7EA5FDB1AE6915500B9BDB7 /* MBProgressHUD.m in Sources */ = {isa = PBXBuildFile; fileRef = E7EA5FDA1AE6915500B9BDB7 /* MBProgressHUD.m */; };
/* End PBXBuildFile section */

/* Begin PBXContainerItemProxy section */
		E7B70CE81AE4891600FF4B0B /* PBXContainerItemProxy */ = {
			isa = PBXContainerItemProxy;
			containerPortal = E7B70CC61AE4891500FF4B0B /* Project object */;
			proxyType = 1;
			remoteGlobalIDString = E7B70CCD1AE4891500FF4B0B;
			remoteInfo = aiyide;
		};
/* End PBXContainerItemProxy section */

/* Begin PBXFileReference section */
		3B74C1B31AE50F150097E0B4 /* AydRootButton.h */ = {isa = PBXFileReference; fileEncoding = 4; lastKnownFileType = sourcecode.c.h; path = AydRootButton.h; sourceTree = "<group>"; };
		3B74C1B41AE50F150097E0B4 /* AydRootButton.m */ = {isa = PBXFileReference; fileEncoding = 4; lastKnownFileType = sourcecode.c.objc; path = AydRootButton.m; sourceTree = "<group>"; };
		3B74C1B61AE53C180097E0B4 /* Tool.h */ = {isa = PBXFileReference; fileEncoding = 4; lastKnownFileType = sourcecode.c.h; path = Tool.h; sourceTree = "<group>"; };
		3B74C1B71AE53C180097E0B4 /* Tool.m */ = {isa = PBXFileReference; fileEncoding = 4; lastKnownFileType = sourcecode.c.objc; path = Tool.m; sourceTree = "<group>"; };
		3B9FE2591AE6160D008DCB1F /* bitstream.c */ = {isa = PBXFileReference; fileEncoding = 4; lastKnownFileType = sourcecode.c.c; path = bitstream.c; sourceTree = "<group>"; };
		3B9FE25A1AE6160D008DCB1F /* bitstream.h */ = {isa = PBXFileReference; fileEncoding = 4; lastKnownFileType = sourcecode.c.h; path = bitstream.h; sourceTree = "<group>"; };
		3B9FE25B1AE6160D008DCB1F /* mask.c */ = {isa = PBXFileReference; fileEncoding = 4; lastKnownFileType = sourcecode.c.c; path = mask.c; sourceTree = "<group>"; };
		3B9FE25C1AE6160D008DCB1F /* mask.h */ = {isa = PBXFileReference; fileEncoding = 4; lastKnownFileType = sourcecode.c.h; path = mask.h; sourceTree = "<group>"; };
		3B9FE25D1AE6160D008DCB1F /* QRCodeGenerator.h */ = {isa = PBXFileReference; fileEncoding = 4; lastKnownFileType = sourcecode.c.h; path = QRCodeGenerator.h; sourceTree = "<group>"; };
		3B9FE25E1AE6160D008DCB1F /* QRCodeGenerator.m */ = {isa = PBXFileReference; fileEncoding = 4; lastKnownFileType = sourcecode.c.objc; path = QRCodeGenerator.m; sourceTree = "<group>"; };
		3B9FE25F1AE6160D008DCB1F /* qrencode.c */ = {isa = PBXFileReference; fileEncoding = 4; lastKnownFileType = sourcecode.c.c; path = qrencode.c; sourceTree = "<group>"; };
		3B9FE2601AE6160D008DCB1F /* qrencode.h */ = {isa = PBXFileReference; fileEncoding = 4; lastKnownFileType = sourcecode.c.h; path = qrencode.h; sourceTree = "<group>"; };
		3B9FE2611AE6160D008DCB1F /* qrinput.c */ = {isa = PBXFileReference; fileEncoding = 4; lastKnownFileType = sourcecode.c.c; path = qrinput.c; sourceTree = "<group>"; };
		3B9FE2621AE6160D008DCB1F /* qrinput.h */ = {isa = PBXFileReference; fileEncoding = 4; lastKnownFileType = sourcecode.c.h; path = qrinput.h; sourceTree = "<group>"; };
		3B9FE2631AE6160D008DCB1F /* qrspec.c */ = {isa = PBXFileReference; fileEncoding = 4; lastKnownFileType = sourcecode.c.c; path = qrspec.c; sourceTree = "<group>"; };
		3B9FE2641AE6160D008DCB1F /* qrspec.h */ = {isa = PBXFileReference; fileEncoding = 4; lastKnownFileType = sourcecode.c.h; path = qrspec.h; sourceTree = "<group>"; };
		3B9FE2651AE6160D008DCB1F /* rscode.c */ = {isa = PBXFileReference; fileEncoding = 4; lastKnownFileType = sourcecode.c.c; path = rscode.c; sourceTree = "<group>"; };
		3B9FE2661AE6160D008DCB1F /* rscode.h */ = {isa = PBXFileReference; fileEncoding = 4; lastKnownFileType = sourcecode.c.h; path = rscode.h; sourceTree = "<group>"; };
		3B9FE2671AE6160D008DCB1F /* split.c */ = {isa = PBXFileReference; fileEncoding = 4; lastKnownFileType = sourcecode.c.c; path = split.c; sourceTree = "<group>"; };
		3B9FE2681AE6160D008DCB1F /* split.h */ = {isa = PBXFileReference; fileEncoding = 4; lastKnownFileType = sourcecode.c.h; path = split.h; sourceTree = "<group>"; };
		3B9FE2711AE61647008DCB1F /* QRCodeViewController.h */ = {isa = PBXFileReference; fileEncoding = 4; lastKnownFileType = sourcecode.c.h; path = QRCodeViewController.h; sourceTree = "<group>"; };
		3B9FE2721AE61647008DCB1F /* QRCodeViewController.m */ = {isa = PBXFileReference; fileEncoding = 4; lastKnownFileType = sourcecode.c.objc; path = QRCodeViewController.m; sourceTree = "<group>"; };
		3B9FE2731AE61647008DCB1F /* QRCodeViewController.xib */ = {isa = PBXFileReference; fileEncoding = 4; lastKnownFileType = file.xib; path = QRCodeViewController.xib; sourceTree = "<group>"; };
		3B9FE2761AE61695008DCB1F /* HomeViewController.xib */ = {isa = PBXFileReference; fileEncoding = 4; lastKnownFileType = file.xib; path = HomeViewController.xib; sourceTree = "<group>"; };
		B8C187D62C28895C6651765A /* libPods.a */ = {isa = PBXFileReference; explicitFileType = archive.ar; includeInIndex = 0; path = libPods.a; sourceTree = BUILT_PRODUCTS_DIR; };
		BDF88B7F775B328F5CA58ECF /* Pods.release.xcconfig */ = {isa = PBXFileReference; includeInIndex = 1; lastKnownFileType = text.xcconfig; name = Pods.release.xcconfig; path = "Pods/Target Support Files/Pods/Pods.release.xcconfig"; sourceTree = "<group>"; };
		E744DADD1AE5F34B00D6AAE9 /* SoapHelper.h */ = {isa = PBXFileReference; fileEncoding = 4; lastKnownFileType = sourcecode.c.h; path = SoapHelper.h; sourceTree = "<group>"; };
		E744DADE1AE5F34B00D6AAE9 /* SoapHelper.m */ = {isa = PBXFileReference; fileEncoding = 4; lastKnownFileType = sourcecode.c.objc; path = SoapHelper.m; sourceTree = "<group>"; };
		E744DAE11AE5F39E00D6AAE9 /* SoapXmlParseHelper.h */ = {isa = PBXFileReference; fileEncoding = 4; lastKnownFileType = sourcecode.c.h; path = SoapXmlParseHelper.h; sourceTree = "<group>"; };
		E744DAE21AE5F39E00D6AAE9 /* SoapXmlParseHelper.m */ = {isa = PBXFileReference; fileEncoding = 4; lastKnownFileType = sourcecode.c.objc; path = SoapXmlParseHelper.m; sourceTree = "<group>"; };
		E744DAE41AE5F3AB00D6AAE9 /* GDataDefines.h */ = {isa = PBXFileReference; fileEncoding = 4; lastKnownFileType = sourcecode.c.h; path = GDataDefines.h; sourceTree = "<group>"; };
		E744DAE51AE5F3AB00D6AAE9 /* GDataTargetNamespace.h */ = {isa = PBXFileReference; fileEncoding = 4; lastKnownFileType = sourcecode.c.h; path = GDataTargetNamespace.h; sourceTree = "<group>"; };
		E744DAE61AE5F3AB00D6AAE9 /* GDataXMLNode.h */ = {isa = PBXFileReference; fileEncoding = 4; lastKnownFileType = sourcecode.c.h; path = GDataXMLNode.h; sourceTree = "<group>"; };
		E744DAE71AE5F3AB00D6AAE9 /* GDataXMLNode.m */ = {isa = PBXFileReference; fileEncoding = 4; lastKnownFileType = sourcecode.c.objc; path = GDataXMLNode.m; sourceTree = "<group>"; };
		E744DAE91AE5F3C200D6AAE9 /* AppHelper.h */ = {isa = PBXFileReference; fileEncoding = 4; lastKnownFileType = sourcecode.c.h; path = AppHelper.h; sourceTree = "<group>"; };
		E744DAEA1AE5F3C200D6AAE9 /* AppHelper.m */ = {isa = PBXFileReference; fileEncoding = 4; lastKnownFileType = sourcecode.c.objc; path = AppHelper.m; sourceTree = "<group>"; };
		E744DAED1AE5F3F300D6AAE9 /* WebServices.h */ = {isa = PBXFileReference; fileEncoding = 4; lastKnownFileType = sourcecode.c.h; path = WebServices.h; sourceTree = "<group>"; };
		E744DAEE1AE5F3F300D6AAE9 /* WebServices.m */ = {isa = PBXFileReference; fileEncoding = 4; lastKnownFileType = sourcecode.c.objc; path = WebServices.m; sourceTree = "<group>"; };
		E744DAF01AE5F40000D6AAE9 /* AppConfigure.h */ = {isa = PBXFileReference; fileEncoding = 4; lastKnownFileType = sourcecode.c.h; path = AppConfigure.h; sourceTree = "<group>"; };
		E744DAF21AE5F43300D6AAE9 /* ASIAuthenticationDialog.h */ = {isa = PBXFileReference; fileEncoding = 4; lastKnownFileType = sourcecode.c.h; path = ASIAuthenticationDialog.h; sourceTree = "<group>"; };
		E744DAF31AE5F43300D6AAE9 /* ASIAuthenticationDialog.m */ = {isa = PBXFileReference; fileEncoding = 4; lastKnownFileType = sourcecode.c.objc; path = ASIAuthenticationDialog.m; sourceTree = "<group>"; };
		E744DAF41AE5F43300D6AAE9 /* ASICacheDelegate.h */ = {isa = PBXFileReference; fileEncoding = 4; lastKnownFileType = sourcecode.c.h; path = ASICacheDelegate.h; sourceTree = "<group>"; };
		E744DAF51AE5F43300D6AAE9 /* ASIDataCompressor.h */ = {isa = PBXFileReference; fileEncoding = 4; lastKnownFileType = sourcecode.c.h; path = ASIDataCompressor.h; sourceTree = "<group>"; };
		E744DAF61AE5F43300D6AAE9 /* ASIDataCompressor.m */ = {isa = PBXFileReference; fileEncoding = 4; lastKnownFileType = sourcecode.c.objc; path = ASIDataCompressor.m; sourceTree = "<group>"; };
		E744DAF71AE5F43300D6AAE9 /* ASIDataDecompressor.h */ = {isa = PBXFileReference; fileEncoding = 4; lastKnownFileType = sourcecode.c.h; path = ASIDataDecompressor.h; sourceTree = "<group>"; };
		E744DAF81AE5F43300D6AAE9 /* ASIDataDecompressor.m */ = {isa = PBXFileReference; fileEncoding = 4; lastKnownFileType = sourcecode.c.objc; path = ASIDataDecompressor.m; sourceTree = "<group>"; };
		E744DAF91AE5F43300D6AAE9 /* ASIHTTPRequest.h */ = {isa = PBXFileReference; fileEncoding = 4; lastKnownFileType = sourcecode.c.h; path = ASIHTTPRequest.h; sourceTree = "<group>"; };
		E744DAFA1AE5F43300D6AAE9 /* ASIHTTPRequest.m */ = {isa = PBXFileReference; fileEncoding = 4; lastKnownFileType = sourcecode.c.objc; path = ASIHTTPRequest.m; sourceTree = "<group>"; };
		E744DAFB1AE5F43300D6AAE9 /* ASIHTTPRequestConfig.h */ = {isa = PBXFileReference; fileEncoding = 4; lastKnownFileType = sourcecode.c.h; path = ASIHTTPRequestConfig.h; sourceTree = "<group>"; };
		E744DAFC1AE5F43300D6AAE9 /* ASIHTTPRequestDelegate.h */ = {isa = PBXFileReference; fileEncoding = 4; lastKnownFileType = sourcecode.c.h; path = ASIHTTPRequestDelegate.h; sourceTree = "<group>"; };
		E744DAFD1AE5F43300D6AAE9 /* ASIInputStream.h */ = {isa = PBXFileReference; fileEncoding = 4; lastKnownFileType = sourcecode.c.h; path = ASIInputStream.h; sourceTree = "<group>"; };
		E744DAFE1AE5F43300D6AAE9 /* ASIInputStream.m */ = {isa = PBXFileReference; fileEncoding = 4; lastKnownFileType = sourcecode.c.objc; path = ASIInputStream.m; sourceTree = "<group>"; };
		E744DAFF1AE5F43300D6AAE9 /* ASINetworkQueue.h */ = {isa = PBXFileReference; fileEncoding = 4; lastKnownFileType = sourcecode.c.h; path = ASINetworkQueue.h; sourceTree = "<group>"; };
		E744DB001AE5F43300D6AAE9 /* ASINetworkQueue.m */ = {isa = PBXFileReference; fileEncoding = 4; lastKnownFileType = sourcecode.c.objc; path = ASINetworkQueue.m; sourceTree = "<group>"; };
		E744DB011AE5F43300D6AAE9 /* ASIProgressDelegate.h */ = {isa = PBXFileReference; fileEncoding = 4; lastKnownFileType = sourcecode.c.h; path = ASIProgressDelegate.h; sourceTree = "<group>"; };
		E744DB091AE5F46700D6AAE9 /* Reachability.h */ = {isa = PBXFileReference; fileEncoding = 4; lastKnownFileType = sourcecode.c.h; path = Reachability.h; sourceTree = "<group>"; };
		E744DB0A1AE5F46700D6AAE9 /* Reachability.m */ = {isa = PBXFileReference; fileEncoding = 4; lastKnownFileType = sourcecode.c.objc; path = Reachability.m; sourceTree = "<group>"; };
		E744DB0C1AE5F47900D6AAE9 /* ServiceHelper.h */ = {isa = PBXFileReference; fileEncoding = 4; lastKnownFileType = sourcecode.c.h; path = ServiceHelper.h; sourceTree = "<group>"; };
		E744DB0D1AE5F47900D6AAE9 /* ServiceHelper.m */ = {isa = PBXFileReference; fileEncoding = 4; lastKnownFileType = sourcecode.c.objc; path = ServiceHelper.m; sourceTree = "<group>"; };
		E744DB0F1AE5F6CB00D6AAE9 /* libz.dylib */ = {isa = PBXFileReference; lastKnownFileType = "compiled.mach-o.dylib"; name = libz.dylib; path = usr/lib/libz.dylib; sourceTree = SDKROOT; };
		E784A74A1AE4CA290052E9E3 /* HomeViewController.h */ = {isa = PBXFileReference; fileEncoding = 4; lastKnownFileType = sourcecode.c.h; path = HomeViewController.h; sourceTree = "<group>"; };
		E784A74B1AE4CA290052E9E3 /* HomeViewController.m */ = {isa = PBXFileReference; fileEncoding = 4; lastKnownFileType = sourcecode.c.objc; path = HomeViewController.m; sourceTree = "<group>"; };
		E784A74F1AE4CAC20052E9E3 /* RegisterViewController.h */ = {isa = PBXFileReference; fileEncoding = 4; lastKnownFileType = sourcecode.c.h; path = RegisterViewController.h; sourceTree = "<group>"; };
		E784A7501AE4CAC20052E9E3 /* RegisterViewController.m */ = {isa = PBXFileReference; fileEncoding = 4; lastKnownFileType = sourcecode.c.objc; path = RegisterViewController.m; sourceTree = "<group>"; };
		E784A7511AE4CAC20052E9E3 /* RegisterViewController.xib */ = {isa = PBXFileReference; fileEncoding = 4; lastKnownFileType = file.xib; path = RegisterViewController.xib; sourceTree = "<group>"; };
		E784A7541AE4CAD10052E9E3 /* LoginViewController.h */ = {isa = PBXFileReference; fileEncoding = 4; lastKnownFileType = sourcecode.c.h; path = LoginViewController.h; sourceTree = "<group>"; };
		E784A7551AE4CAD10052E9E3 /* LoginViewController.m */ = {isa = PBXFileReference; fileEncoding = 4; lastKnownFileType = sourcecode.c.objc; path = LoginViewController.m; sourceTree = "<group>"; };
		E784A7561AE4CAD10052E9E3 /* LoginViewController.xib */ = {isa = PBXFileReference; fileEncoding = 4; lastKnownFileType = file.xib; path = LoginViewController.xib; sourceTree = "<group>"; };
		E784A75E1AE5E9270052E9E3 /* libxml2.dylib */ = {isa = PBXFileReference; lastKnownFileType = "compiled.mach-o.dylib"; name = libxml2.dylib; path = usr/lib/libxml2.dylib; sourceTree = SDKROOT; };
		E7B70CCE1AE4891500FF4B0B /* aiyide.app */ = {isa = PBXFileReference; explicitFileType = wrapper.application; includeInIndex = 0; path = aiyide.app; sourceTree = BUILT_PRODUCTS_DIR; };
		E7B70CD21AE4891500FF4B0B /* Info.plist */ = {isa = PBXFileReference; lastKnownFileType = text.plist.xml; path = Info.plist; sourceTree = "<group>"; };
		E7B70CD31AE4891500FF4B0B /* main.m */ = {isa = PBXFileReference; lastKnownFileType = sourcecode.c.objc; path = main.m; sourceTree = "<group>"; };
		E7B70CD51AE4891500FF4B0B /* AppDelegate.h */ = {isa = PBXFileReference; lastKnownFileType = sourcecode.c.h; path = AppDelegate.h; sourceTree = "<group>"; };
		E7B70CD61AE4891500FF4B0B /* AppDelegate.m */ = {isa = PBXFileReference; lastKnownFileType = sourcecode.c.objc; path = AppDelegate.m; sourceTree = "<group>"; };
		E7B70CD81AE4891500FF4B0B /* ViewController.h */ = {isa = PBXFileReference; lastKnownFileType = sourcecode.c.h; path = ViewController.h; sourceTree = "<group>"; };
		E7B70CD91AE4891500FF4B0B /* ViewController.m */ = {isa = PBXFileReference; lastKnownFileType = sourcecode.c.objc; path = ViewController.m; sourceTree = "<group>"; };
		E7B70CDC1AE4891500FF4B0B /* Base */ = {isa = PBXFileReference; lastKnownFileType = file.storyboard; name = Base; path = Base.lproj/Main.storyboard; sourceTree = "<group>"; };
		E7B70CDE1AE4891500FF4B0B /* Images.xcassets */ = {isa = PBXFileReference; lastKnownFileType = folder.assetcatalog; path = Images.xcassets; sourceTree = "<group>"; };
		E7B70CE11AE4891500FF4B0B /* Base */ = {isa = PBXFileReference; lastKnownFileType = file.xib; name = Base; path = Base.lproj/LaunchScreen.xib; sourceTree = "<group>"; };
		E7B70CE71AE4891600FF4B0B /* aiyideTests.xctest */ = {isa = PBXFileReference; explicitFileType = wrapper.cfbundle; includeInIndex = 0; path = aiyideTests.xctest; sourceTree = BUILT_PRODUCTS_DIR; };
		E7B70CEC1AE4891600FF4B0B /* Info.plist */ = {isa = PBXFileReference; lastKnownFileType = text.plist.xml; path = Info.plist; sourceTree = "<group>"; };
		E7B70CED1AE4891600FF4B0B /* aiyideTests.m */ = {isa = PBXFileReference; lastKnownFileType = sourcecode.c.objc; path = aiyideTests.m; sourceTree = "<group>"; };
		E7EA5FD91AE6915500B9BDB7 /* MBProgressHUD.h */ = {isa = PBXFileReference; fileEncoding = 4; lastKnownFileType = sourcecode.c.h; path = MBProgressHUD.h; sourceTree = "<group>"; };
		E7EA5FDA1AE6915500B9BDB7 /* MBProgressHUD.m */ = {isa = PBXFileReference; fileEncoding = 4; lastKnownFileType = sourcecode.c.objc; path = MBProgressHUD.m; sourceTree = "<group>"; };
		FE73537B5798876856E43A4B /* Pods.debug.xcconfig */ = {isa = PBXFileReference; includeInIndex = 1; lastKnownFileType = text.xcconfig; name = Pods.debug.xcconfig; path = "Pods/Target Support Files/Pods/Pods.debug.xcconfig"; sourceTree = "<group>"; };
/* End PBXFileReference section */

/* Begin PBXFrameworksBuildPhase section */
		E7B70CCB1AE4891500FF4B0B /* Frameworks */ = {
			isa = PBXFrameworksBuildPhase;
			buildActionMask = 2147483647;
			files = (
				E744DB101AE5F6CB00D6AAE9 /* libz.dylib in Frameworks */,
				E784A75F1AE5E9270052E9E3 /* libxml2.dylib in Frameworks */,
				93FBE36F7532D0FD4EC3A965 /* libPods.a in Frameworks */,
			);
			runOnlyForDeploymentPostprocessing = 0;
		};
		E7B70CE41AE4891600FF4B0B /* Frameworks */ = {
			isa = PBXFrameworksBuildPhase;
			buildActionMask = 2147483647;
			files = (
			);
			runOnlyForDeploymentPostprocessing = 0;
		};
/* End PBXFrameworksBuildPhase section */

/* Begin PBXGroup section */
		3AAF3367EB0005803AC8E767 /* Pods */ = {
			isa = PBXGroup;
			children = (
				FE73537B5798876856E43A4B /* Pods.debug.xcconfig */,
				BDF88B7F775B328F5CA58ECF /* Pods.release.xcconfig */,
			);
			name = Pods;
			sourceTree = "<group>";
		};
		3B9FE2551AE61547008DCB1F /* Lib */ = {
			isa = PBXGroup;
			children = (
			);
			name = Lib;
			sourceTree = "<group>";
		};
		3B9FE2581AE615FD008DCB1F /* qrencode */ = {
			isa = PBXGroup;
			children = (
				3B9FE2591AE6160D008DCB1F /* bitstream.c */,
				3B9FE25A1AE6160D008DCB1F /* bitstream.h */,
				3B9FE25B1AE6160D008DCB1F /* mask.c */,
				3B9FE25C1AE6160D008DCB1F /* mask.h */,
				3B9FE25D1AE6160D008DCB1F /* QRCodeGenerator.h */,
				3B9FE25E1AE6160D008DCB1F /* QRCodeGenerator.m */,
				3B9FE25F1AE6160D008DCB1F /* qrencode.c */,
				3B9FE2601AE6160D008DCB1F /* qrencode.h */,
				3B9FE2611AE6160D008DCB1F /* qrinput.c */,
				3B9FE2621AE6160D008DCB1F /* qrinput.h */,
				3B9FE2631AE6160D008DCB1F /* qrspec.c */,
				3B9FE2641AE6160D008DCB1F /* qrspec.h */,
				3B9FE2651AE6160D008DCB1F /* rscode.c */,
				3B9FE2661AE6160D008DCB1F /* rscode.h */,
				3B9FE2671AE6160D008DCB1F /* split.c */,
				3B9FE2681AE6160D008DCB1F /* split.h */,
			);
			name = qrencode;
			sourceTree = "<group>";
		};
		A72BE2E80349A2BC4C3B907A /* Frameworks */ = {
			isa = PBXGroup;
			children = (
				E744DB0F1AE5F6CB00D6AAE9 /* libz.dylib */,
				E784A75E1AE5E9270052E9E3 /* libxml2.dylib */,
				B8C187D62C28895C6651765A /* libPods.a */,
			);
			name = Frameworks;
			sourceTree = "<group>";
		};
		E744DADB1AE5F2E600D6AAE9 /* webservice */ = {
			isa = PBXGroup;
			children = (
				E7EA5FD91AE6915500B9BDB7 /* MBProgressHUD.h */,
				E7EA5FDA1AE6915500B9BDB7 /* MBProgressHUD.m */,
				E744DAEC1AE5F3C700D6AAE9 /* service */,
				E744DAE91AE5F3C200D6AAE9 /* AppHelper.h */,
				E744DAEA1AE5F3C200D6AAE9 /* AppHelper.m */,
				E744DAE01AE5F39200D6AAE9 /* xmlParse */,
				E744DADC1AE5F32200D6AAE9 /* SoapHelper */,
			);
			name = webservice;
			sourceTree = "<group>";
		};
		E744DADC1AE5F32200D6AAE9 /* SoapHelper */ = {
			isa = PBXGroup;
			children = (
				E744DADD1AE5F34B00D6AAE9 /* SoapHelper.h */,
				E744DADE1AE5F34B00D6AAE9 /* SoapHelper.m */,
			);
			name = SoapHelper;
			sourceTree = "<group>";
		};
		E744DAE01AE5F39200D6AAE9 /* xmlParse */ = {
			isa = PBXGroup;
			children = (
				E744DAE41AE5F3AB00D6AAE9 /* GDataDefines.h */,
				E744DAE51AE5F3AB00D6AAE9 /* GDataTargetNamespace.h */,
				E744DAE61AE5F3AB00D6AAE9 /* GDataXMLNode.h */,
				E744DAE71AE5F3AB00D6AAE9 /* GDataXMLNode.m */,
				E744DAE11AE5F39E00D6AAE9 /* SoapXmlParseHelper.h */,
				E744DAE21AE5F39E00D6AAE9 /* SoapXmlParseHelper.m */,
			);
			name = xmlParse;
			sourceTree = "<group>";
		};
		E744DAEC1AE5F3C700D6AAE9 /* service */ = {
			isa = PBXGroup;
			children = (
				E744DB0C1AE5F47900D6AAE9 /* ServiceHelper.h */,
				E744DB0D1AE5F47900D6AAE9 /* ServiceHelper.m */,
				E744DB081AE5F43E00D6AAE9 /* Reachability */,
				E744DAF11AE5F41E00D6AAE9 /* request */,
				E744DAF01AE5F40000D6AAE9 /* AppConfigure.h */,
				E744DAED1AE5F3F300D6AAE9 /* WebServices.h */,
				E744DAEE1AE5F3F300D6AAE9 /* WebServices.m */,
			);
			name = service;
			sourceTree = "<group>";
		};
		E744DAF11AE5F41E00D6AAE9 /* request */ = {
			isa = PBXGroup;
			children = (
				E744DAF21AE5F43300D6AAE9 /* ASIAuthenticationDialog.h */,
				E744DAF31AE5F43300D6AAE9 /* ASIAuthenticationDialog.m */,
				E744DAF41AE5F43300D6AAE9 /* ASICacheDelegate.h */,
				E744DAF51AE5F43300D6AAE9 /* ASIDataCompressor.h */,
				E744DAF61AE5F43300D6AAE9 /* ASIDataCompressor.m */,
				E744DAF71AE5F43300D6AAE9 /* ASIDataDecompressor.h */,
				E744DAF81AE5F43300D6AAE9 /* ASIDataDecompressor.m */,
				E744DAF91AE5F43300D6AAE9 /* ASIHTTPRequest.h */,
				E744DAFA1AE5F43300D6AAE9 /* ASIHTTPRequest.m */,
				E744DAFB1AE5F43300D6AAE9 /* ASIHTTPRequestConfig.h */,
				E744DAFC1AE5F43300D6AAE9 /* ASIHTTPRequestDelegate.h */,
				E744DAFD1AE5F43300D6AAE9 /* ASIInputStream.h */,
				E744DAFE1AE5F43300D6AAE9 /* ASIInputStream.m */,
				E744DAFF1AE5F43300D6AAE9 /* ASINetworkQueue.h */,
				E744DB001AE5F43300D6AAE9 /* ASINetworkQueue.m */,
				E744DB011AE5F43300D6AAE9 /* ASIProgressDelegate.h */,
			);
			name = request;
			sourceTree = "<group>";
		};
		E744DB081AE5F43E00D6AAE9 /* Reachability */ = {
			isa = PBXGroup;
			children = (
				E744DB091AE5F46700D6AAE9 /* Reachability.h */,
				E744DB0A1AE5F46700D6AAE9 /* Reachability.m */,
			);
			name = Reachability;
			sourceTree = "<group>";
		};
		E784A7461AE4C9E00052E9E3 /* Classes */ = {
			isa = PBXGroup;
			children = (
				3B9FE2581AE615FD008DCB1F /* qrencode */,
				E784A7491AE4CA0D0052E9E3 /* views */,
				E784A7481AE4C9FB0052E9E3 /* model */,
				E784A7471AE4C9F20052E9E3 /* controllers */,
			);
			name = Classes;
			sourceTree = "<group>";
		};
		E784A7471AE4C9F20052E9E3 /* controllers */ = {
			isa = PBXGroup;
			children = (
				3B9FE2711AE61647008DCB1F /* QRCodeViewController.h */,
				3B9FE2721AE61647008DCB1F /* QRCodeViewController.m */,
				3B9FE2731AE61647008DCB1F /* QRCodeViewController.xib */,
				E784A74A1AE4CA290052E9E3 /* HomeViewController.h */,
				E784A74B1AE4CA290052E9E3 /* HomeViewController.m */,
				3B9FE2761AE61695008DCB1F /* HomeViewController.xib */,
				E784A74F1AE4CAC20052E9E3 /* RegisterViewController.h */,
				E784A7501AE4CAC20052E9E3 /* RegisterViewController.m */,
				E784A7511AE4CAC20052E9E3 /* RegisterViewController.xib */,
				E784A7541AE4CAD10052E9E3 /* LoginViewController.h */,
				E784A7551AE4CAD10052E9E3 /* LoginViewController.m */,
				E784A7561AE4CAD10052E9E3 /* LoginViewController.xib */,
			);
			name = controllers;
			sourceTree = "<group>";
		};
		E784A7481AE4C9FB0052E9E3 /* model */ = {
			isa = PBXGroup;
			children = (
				3B74C1B61AE53C180097E0B4 /* Tool.h */,
				3B74C1B71AE53C180097E0B4 /* Tool.m */,
			);
			name = model;
			sourceTree = "<group>";
		};
		E784A7491AE4CA0D0052E9E3 /* views */ = {
			isa = PBXGroup;
			children = (
				3B74C1B31AE50F150097E0B4 /* AydRootButton.h */,
				3B74C1B41AE50F150097E0B4 /* AydRootButton.m */,
			);
			name = views;
			sourceTree = "<group>";
		};
		E7B70CC51AE4891500FF4B0B = {
			isa = PBXGroup;
			children = (
				E7B70CD01AE4891500FF4B0B /* aiyide */,
				E7B70CEA1AE4891600FF4B0B /* aiyideTests */,
				E7B70CCF1AE4891500FF4B0B /* Products */,
				3AAF3367EB0005803AC8E767 /* Pods */,
				A72BE2E80349A2BC4C3B907A /* Frameworks */,
			);
			sourceTree = "<group>";
		};
		E7B70CCF1AE4891500FF4B0B /* Products */ = {
			isa = PBXGroup;
			children = (
				E7B70CCE1AE4891500FF4B0B /* aiyide.app */,
				E7B70CE71AE4891600FF4B0B /* aiyideTests.xctest */,
			);
			name = Products;
			sourceTree = "<group>";
		};
		E7B70CD01AE4891500FF4B0B /* aiyide */ = {
			isa = PBXGroup;
			children = (
				3B9FE2551AE61547008DCB1F /* Lib */,
				E744DADB1AE5F2E600D6AAE9 /* webservice */,
				E784A7461AE4C9E00052E9E3 /* Classes */,
				E7B70CD51AE4891500FF4B0B /* AppDelegate.h */,
				E7B70CD61AE4891500FF4B0B /* AppDelegate.m */,
				E7B70CD81AE4891500FF4B0B /* ViewController.h */,
				E7B70CD91AE4891500FF4B0B /* ViewController.m */,
				E7B70CDB1AE4891500FF4B0B /* Main.storyboard */,
				E7B70CDE1AE4891500FF4B0B /* Images.xcassets */,
				E7B70CE01AE4891500FF4B0B /* LaunchScreen.xib */,
				E7B70CD11AE4891500FF4B0B /* Supporting Files */,
			);
			path = aiyide;
			sourceTree = "<group>";
		};
		E7B70CD11AE4891500FF4B0B /* Supporting Files */ = {
			isa = PBXGroup;
			children = (
				E7B70CD21AE4891500FF4B0B /* Info.plist */,
				E7B70CD31AE4891500FF4B0B /* main.m */,
			);
			name = "Supporting Files";
			sourceTree = "<group>";
		};
		E7B70CEA1AE4891600FF4B0B /* aiyideTests */ = {
			isa = PBXGroup;
			children = (
				E7B70CED1AE4891600FF4B0B /* aiyideTests.m */,
				E7B70CEB1AE4891600FF4B0B /* Supporting Files */,
			);
			path = aiyideTests;
			sourceTree = "<group>";
		};
		E7B70CEB1AE4891600FF4B0B /* Supporting Files */ = {
			isa = PBXGroup;
			children = (
				E7B70CEC1AE4891600FF4B0B /* Info.plist */,
			);
			name = "Supporting Files";
			sourceTree = "<group>";
		};
/* End PBXGroup section */

/* Begin PBXNativeTarget section */
		E7B70CCD1AE4891500FF4B0B /* aiyide */ = {
			isa = PBXNativeTarget;
			buildConfigurationList = E7B70CF11AE4891600FF4B0B /* Build configuration list for PBXNativeTarget "aiyide" */;
			buildPhases = (
				7E77D4135C8D38C3A827C88A /* Check Pods Manifest.lock */,
				E7B70CCA1AE4891500FF4B0B /* Sources */,
				E7B70CCB1AE4891500FF4B0B /* Frameworks */,
				E7B70CCC1AE4891500FF4B0B /* Resources */,
				02793C81B2B68E33B3FC6FBA /* Copy Pods Resources */,
			);
			buildRules = (
			);
			dependencies = (
			);
			name = aiyide;
			productName = aiyide;
			productReference = E7B70CCE1AE4891500FF4B0B /* aiyide.app */;
			productType = "com.apple.product-type.application";
		};
		E7B70CE61AE4891600FF4B0B /* aiyideTests */ = {
			isa = PBXNativeTarget;
			buildConfigurationList = E7B70CF41AE4891600FF4B0B /* Build configuration list for PBXNativeTarget "aiyideTests" */;
			buildPhases = (
				E7B70CE31AE4891600FF4B0B /* Sources */,
				E7B70CE41AE4891600FF4B0B /* Frameworks */,
				E7B70CE51AE4891600FF4B0B /* Resources */,
			);
			buildRules = (
			);
			dependencies = (
				E7B70CE91AE4891600FF4B0B /* PBXTargetDependency */,
			);
			name = aiyideTests;
			productName = aiyideTests;
			productReference = E7B70CE71AE4891600FF4B0B /* aiyideTests.xctest */;
			productType = "com.apple.product-type.bundle.unit-test";
		};
/* End PBXNativeTarget section */

/* Begin PBXProject section */
		E7B70CC61AE4891500FF4B0B /* Project object */ = {
			isa = PBXProject;
			attributes = {
				LastUpgradeCheck = 0610;
				ORGANIZATIONNAME = songzm;
				TargetAttributes = {
					E7B70CCD1AE4891500FF4B0B = {
						CreatedOnToolsVersion = 6.1.1;
						DevelopmentTeam = MPY7U3E9JR;
					};
					E7B70CE61AE4891600FF4B0B = {
						CreatedOnToolsVersion = 6.1.1;
						TestTargetID = E7B70CCD1AE4891500FF4B0B;
					};
				};
			};
			buildConfigurationList = E7B70CC91AE4891500FF4B0B /* Build configuration list for PBXProject "aiyide" */;
			compatibilityVersion = "Xcode 3.2";
			developmentRegion = English;
			hasScannedForEncodings = 0;
			knownRegions = (
				en,
				Base,
			);
			mainGroup = E7B70CC51AE4891500FF4B0B;
			productRefGroup = E7B70CCF1AE4891500FF4B0B /* Products */;
			projectDirPath = "";
			projectRoot = "";
			targets = (
				E7B70CCD1AE4891500FF4B0B /* aiyide */,
				E7B70CE61AE4891600FF4B0B /* aiyideTests */,
			);
		};
/* End PBXProject section */

/* Begin PBXResourcesBuildPhase section */
		E7B70CCC1AE4891500FF4B0B /* Resources */ = {
			isa = PBXResourcesBuildPhase;
			buildActionMask = 2147483647;
			files = (
				E7B70CDD1AE4891500FF4B0B /* Main.storyboard in Resources */,
				E784A7531AE4CAC20052E9E3 /* RegisterViewController.xib in Resources */,
				E784A7581AE4CAD10052E9E3 /* LoginViewController.xib in Resources */,
				E7B70CE21AE4891500FF4B0B /* LaunchScreen.xib in Resources */,
				E7B70CDF1AE4891500FF4B0B /* Images.xcassets in Resources */,
				3B9FE2751AE61647008DCB1F /* QRCodeViewController.xib in Resources */,
				3B9FE2771AE61695008DCB1F /* HomeViewController.xib in Resources */,
			);
			runOnlyForDeploymentPostprocessing = 0;
		};
		E7B70CE51AE4891600FF4B0B /* Resources */ = {
			isa = PBXResourcesBuildPhase;
			buildActionMask = 2147483647;
			files = (
			);
			runOnlyForDeploymentPostprocessing = 0;
		};
/* End PBXResourcesBuildPhase section */

/* Begin PBXShellScriptBuildPhase section */
		02793C81B2B68E33B3FC6FBA /* Copy Pods Resources */ = {
			isa = PBXShellScriptBuildPhase;
			buildActionMask = 2147483647;
			files = (
			);
			inputPaths = (
			);
			name = "Copy Pods Resources";
			outputPaths = (
			);
			runOnlyForDeploymentPostprocessing = 0;
			shellPath = /bin/sh;
			shellScript = "\"${SRCROOT}/Pods/Target Support Files/Pods/Pods-resources.sh\"\n";
			showEnvVarsInLog = 0;
		};
		7E77D4135C8D38C3A827C88A /* Check Pods Manifest.lock */ = {
			isa = PBXShellScriptBuildPhase;
			buildActionMask = 2147483647;
			files = (
			);
			inputPaths = (
			);
			name = "Check Pods Manifest.lock";
			outputPaths = (
			);
			runOnlyForDeploymentPostprocessing = 0;
			shellPath = /bin/sh;
			shellScript = "diff \"${PODS_ROOT}/../Podfile.lock\" \"${PODS_ROOT}/Manifest.lock\" > /dev/null\nif [[ $? != 0 ]] ; then\n    cat << EOM\nerror: The sandbox is not in sync with the Podfile.lock. Run 'pod install' or update your CocoaPods installation.\nEOM\n    exit 1\nfi\n";
			showEnvVarsInLog = 0;
		};
/* End PBXShellScriptBuildPhase section */

/* Begin PBXSourcesBuildPhase section */
		E7B70CCA1AE4891500FF4B0B /* Sources */ = {
			isa = PBXSourcesBuildPhase;
			buildActionMask = 2147483647;
			files = (
				3B9FE26B1AE6160D008DCB1F /* QRCodeGenerator.m in Sources */,
				E744DADF1AE5F34B00D6AAE9 /* SoapHelper.m in Sources */,
				E744DB041AE5F43300D6AAE9 /* ASIDataDecompressor.m in Sources */,
				3B74C1B51AE50F160097E0B4 /* AydRootButton.m in Sources */,
				3B9FE26C1AE6160D008DCB1F /* qrencode.c in Sources */,
				3B9FE26A1AE6160D008DCB1F /* mask.c in Sources */,
				3B9FE26F1AE6160D008DCB1F /* rscode.c in Sources */,
				E744DB031AE5F43300D6AAE9 /* ASIDataCompressor.m in Sources */,
				E744DB071AE5F43300D6AAE9 /* ASINetworkQueue.m in Sources */,
				E744DAEF1AE5F3F300D6AAE9 /* WebServices.m in Sources */,
				E784A7521AE4CAC20052E9E3 /* RegisterViewController.m in Sources */,
				E7B70CDA1AE4891500FF4B0B /* ViewController.m in Sources */,
				3B9FE2741AE61647008DCB1F /* QRCodeViewController.m in Sources */,
				3B9FE26E1AE6160D008DCB1F /* qrspec.c in Sources */,
				E744DB061AE5F43300D6AAE9 /* ASIInputStream.m in Sources */,
				E784A7571AE4CAD10052E9E3 /* LoginViewController.m in Sources */,
				E744DB0B1AE5F46700D6AAE9 /* Reachability.m in Sources */,
				3B9FE26D1AE6160D008DCB1F /* qrinput.c in Sources */,
				E744DAE81AE5F3AB00D6AAE9 /* GDataXMLNode.m in Sources */,
				3B9FE2701AE6160D008DCB1F /* split.c in Sources */,
				E744DB021AE5F43300D6AAE9 /* ASIAuthenticationDialog.m in Sources */,
				E7B70CD71AE4891500FF4B0B /* AppDelegate.m in Sources */,
				E7EA5FDB1AE6915500B9BDB7 /* MBProgressHUD.m in Sources */,
				E744DB051AE5F43300D6AAE9 /* ASIHTTPRequest.m in Sources */,
				E7B70CD41AE4891500FF4B0B /* main.m in Sources */,
				3B9FE2691AE6160D008DCB1F /* bitstream.c in Sources */,
				E784A74D1AE4CA290052E9E3 /* HomeViewController.m in Sources */,
				E744DB0E1AE5F47900D6AAE9 /* ServiceHelper.m in Sources */,
				E744DAE31AE5F39E00D6AAE9 /* SoapXmlParseHelper.m in Sources */,
				3B74C1B81AE53C180097E0B4 /* Tool.m in Sources */,
				E744DAEB1AE5F3C200D6AAE9 /* AppHelper.m in Sources */,
			);
			runOnlyForDeploymentPostprocessing = 0;
		};
		E7B70CE31AE4891600FF4B0B /* Sources */ = {
			isa = PBXSourcesBuildPhase;
			buildActionMask = 2147483647;
			files = (
				E7B70CEE1AE4891600FF4B0B /* aiyideTests.m in Sources */,
			);
			runOnlyForDeploymentPostprocessing = 0;
		};
/* End PBXSourcesBuildPhase section */

/* Begin PBXTargetDependency section */
		E7B70CE91AE4891600FF4B0B /* PBXTargetDependency */ = {
			isa = PBXTargetDependency;
			target = E7B70CCD1AE4891500FF4B0B /* aiyide */;
			targetProxy = E7B70CE81AE4891600FF4B0B /* PBXContainerItemProxy */;
		};
/* End PBXTargetDependency section */

/* Begin PBXVariantGroup section */
		E7B70CDB1AE4891500FF4B0B /* Main.storyboard */ = {
			isa = PBXVariantGroup;
			children = (
				E7B70CDC1AE4891500FF4B0B /* Base */,
			);
			name = Main.storyboard;
			sourceTree = "<group>";
		};
		E7B70CE01AE4891500FF4B0B /* LaunchScreen.xib */ = {
			isa = PBXVariantGroup;
			children = (
				E7B70CE11AE4891500FF4B0B /* Base */,
			);
			name = LaunchScreen.xib;
			sourceTree = "<group>";
		};
/* End PBXVariantGroup section */

/* Begin XCBuildConfiguration section */
		E7B70CEF1AE4891600FF4B0B /* Debug */ = {
			isa = XCBuildConfiguration;
			buildSettings = {
				ALWAYS_SEARCH_USER_PATHS = NO;
				CLANG_CXX_LANGUAGE_STANDARD = "gnu++0x";
				CLANG_CXX_LIBRARY = "libc++";
				CLANG_ENABLE_MODULES = YES;
				CLANG_ENABLE_OBJC_ARC = YES;
				CLANG_WARN_BOOL_CONVERSION = YES;
				CLANG_WARN_CONSTANT_CONVERSION = YES;
				CLANG_WARN_DIRECT_OBJC_ISA_USAGE = YES_ERROR;
				CLANG_WARN_EMPTY_BODY = YES;
				CLANG_WARN_ENUM_CONVERSION = YES;
				CLANG_WARN_INT_CONVERSION = YES;
				CLANG_WARN_OBJC_ROOT_CLASS = YES_ERROR;
				CLANG_WARN_UNREACHABLE_CODE = YES;
				CLANG_WARN__DUPLICATE_METHOD_MATCH = YES;
				CODE_SIGN_IDENTITY = "iPhone Distribution: zhiming song (MPY7U3E9JR)";
				"CODE_SIGN_IDENTITY[sdk=iphoneos*]" = "iPhone Distribution: zhiming song (MPY7U3E9JR)";
				COPY_PHASE_STRIP = NO;
				ENABLE_STRICT_OBJC_MSGSEND = YES;
				GCC_C_LANGUAGE_STANDARD = gnu99;
				GCC_DYNAMIC_NO_PIC = NO;
				GCC_OPTIMIZATION_LEVEL = 0;
				GCC_PREPROCESSOR_DEFINITIONS = (
					"DEBUG=1",
					"$(inherited)",
				);
				GCC_SYMBOLS_PRIVATE_EXTERN = NO;
				GCC_WARN_64_TO_32_BIT_CONVERSION = YES;
				GCC_WARN_ABOUT_RETURN_TYPE = YES_ERROR;
				GCC_WARN_UNDECLARED_SELECTOR = YES;
				GCC_WARN_UNINITIALIZED_AUTOS = YES_AGGRESSIVE;
				GCC_WARN_UNUSED_FUNCTION = YES;
				GCC_WARN_UNUSED_VARIABLE = YES;
				IPHONEOS_DEPLOYMENT_TARGET = 8.1;
				MTL_ENABLE_DEBUG_INFO = YES;
				ONLY_ACTIVE_ARCH = YES;
				PROVISIONING_PROFILE = "0878f9fe-65f8-4298-8ba7-21fd84fc5c73";
				SDKROOT = iphoneos;
			};
			name = Debug;
		};
		E7B70CF01AE4891600FF4B0B /* Release */ = {
			isa = XCBuildConfiguration;
			buildSettings = {
				ALWAYS_SEARCH_USER_PATHS = NO;
				CLANG_CXX_LANGUAGE_STANDARD = "gnu++0x";
				CLANG_CXX_LIBRARY = "libc++";
				CLANG_ENABLE_MODULES = YES;
				CLANG_ENABLE_OBJC_ARC = YES;
				CLANG_WARN_BOOL_CONVERSION = YES;
				CLANG_WARN_CONSTANT_CONVERSION = YES;
				CLANG_WARN_DIRECT_OBJC_ISA_USAGE = YES_ERROR;
				CLANG_WARN_EMPTY_BODY = YES;
				CLANG_WARN_ENUM_CONVERSION = YES;
				CLANG_WARN_INT_CONVERSION = YES;
				CLANG_WARN_OBJC_ROOT_CLASS = YES_ERROR;
				CLANG_WARN_UNREACHABLE_CODE = YES;
				CLANG_WARN__DUPLICATE_METHOD_MATCH = YES;
				CODE_SIGN_IDENTITY = "iPhone Distribution: zhiming song (MPY7U3E9JR)";
				"CODE_SIGN_IDENTITY[sdk=iphoneos*]" = "iPhone Distribution: zhiming song (MPY7U3E9JR)";
				COPY_PHASE_STRIP = YES;
				ENABLE_NS_ASSERTIONS = NO;
				ENABLE_STRICT_OBJC_MSGSEND = YES;
				GCC_C_LANGUAGE_STANDARD = gnu99;
				GCC_WARN_64_TO_32_BIT_CONVERSION = YES;
				GCC_WARN_ABOUT_RETURN_TYPE = YES_ERROR;
				GCC_WARN_UNDECLARED_SELECTOR = YES;
				GCC_WARN_UNINITIALIZED_AUTOS = YES_AGGRESSIVE;
				GCC_WARN_UNUSED_FUNCTION = YES;
				GCC_WARN_UNUSED_VARIABLE = YES;
				IPHONEOS_DEPLOYMENT_TARGET = 8.1;
				MTL_ENABLE_DEBUG_INFO = NO;
				PROVISIONING_PROFILE = "0878f9fe-65f8-4298-8ba7-21fd84fc5c73";
				SDKROOT = iphoneos;
				VALIDATE_PRODUCT = YES;
			};
			name = Release;
		};
		E7B70CF21AE4891600FF4B0B /* Debug */ = {
			isa = XCBuildConfiguration;
			baseConfigurationReference = FE73537B5798876856E43A4B /* Pods.debug.xcconfig */;
			buildSettings = {
				ASSETCATALOG_COMPILER_APPICON_NAME = AppIcon;
				CODE_SIGN_IDENTITY = "iPhone Distribution: zhiming song (MPY7U3E9JR)";
				"CODE_SIGN_IDENTITY[sdk=iphoneos*]" = "iPhone Distribution: zhiming song (MPY7U3E9JR)";
				HEADER_SEARCH_PATHS = (
					"\"${PODS_ROOT}/Headers/Public\"",
					"\"${PODS_ROOT}/Headers/Public/AFNetworking\"",
					/usr/include/libxml2,
				);
				INFOPLIST_FILE = aiyide/Info.plist;
				IPHONEOS_DEPLOYMENT_TARGET = 7.0;
				LD_RUNPATH_SEARCH_PATHS = "$(inherited) @executable_path/Frameworks";
				PRODUCT_NAME = "$(TARGET_NAME)";
			};
			name = Debug;
		};
		E7B70CF31AE4891600FF4B0B /* Release */ = {
			isa = XCBuildConfiguration;
			baseConfigurationReference = BDF88B7F775B328F5CA58ECF /* Pods.release.xcconfig */;
			buildSettings = {
				ASSETCATALOG_COMPILER_APPICON_NAME = AppIcon;
				CODE_SIGN_IDENTITY = "iPhone Distribution: zhiming song (MPY7U3E9JR)";
				"CODE_SIGN_IDENTITY[sdk=iphoneos*]" = "iPhone Distribution: zhiming song (MPY7U3E9JR)";
				HEADER_SEARCH_PATHS = (
					"\"${PODS_ROOT}/Headers/Public\"",
					"\"${PODS_ROOT}/Headers/Public/AFNetworking\"",
					/usr/include/libxml2,
				);
				INFOPLIST_FILE = aiyide/Info.plist;
				IPHONEOS_DEPLOYMENT_TARGET = 7.0;
				LD_RUNPATH_SEARCH_PATHS = "$(inherited) @executable_path/Frameworks";
				PRODUCT_NAME = "$(TARGET_NAME)";
			};
			name = Release;
		};
		E7B70CF51AE4891600FF4B0B /* Debug */ = {
			isa = XCBuildConfiguration;
			buildSettings = {
				BUNDLE_LOADER = "$(TEST_HOST)";
				FRAMEWORK_SEARCH_PATHS = (
					"$(SDKROOT)/Developer/Library/Frameworks",
					"$(inherited)",
				);
				GCC_PREPROCESSOR_DEFINITIONS = (
					"DEBUG=1",
					"$(inherited)",
				);
				INFOPLIST_FILE = aiyideTests/Info.plist;
				LD_RUNPATH_SEARCH_PATHS = "$(inherited) @executable_path/Frameworks @loader_path/Frameworks";
				PRODUCT_NAME = "$(TARGET_NAME)";
				TEST_HOST = "$(BUILT_PRODUCTS_DIR)/aiyide.app/aiyide";
			};
			name = Debug;
		};
		E7B70CF61AE4891600FF4B0B /* Release */ = {
			isa = XCBuildConfiguration;
			buildSettings = {
				BUNDLE_LOADER = "$(TEST_HOST)";
				FRAMEWORK_SEARCH_PATHS = (
					"$(SDKROOT)/Developer/Library/Frameworks",
					"$(inherited)",
				);
				INFOPLIST_FILE = aiyideTests/Info.plist;
				LD_RUNPATH_SEARCH_PATHS = "$(inherited) @executable_path/Frameworks @loader_path/Frameworks";
				PRODUCT_NAME = "$(TARGET_NAME)";
				TEST_HOST = "$(BUILT_PRODUCTS_DIR)/aiyide.app/aiyide";
			};
			name = Release;
		};
/* End XCBuildConfiguration section */

/* Begin XCConfigurationList section */
		E7B70CC91AE4891500FF4B0B /* Build configuration list for PBXProject "aiyide" */ = {
			isa = XCConfigurationList;
			buildConfigurations = (
				E7B70CEF1AE4891600FF4B0B /* Debug */,
				E7B70CF01AE4891600FF4B0B /* Release */,
			);
			defaultConfigurationIsVisible = 0;
			defaultConfigurationName = Release;
		};
		E7B70CF11AE4891600FF4B0B /* Build configuration list for PBXNativeTarget "aiyide" */ = {
			isa = XCConfigurationList;
			buildConfigurations = (
				E7B70CF21AE4891600FF4B0B /* Debug */,
				E7B70CF31AE4891600FF4B0B /* Release */,
			);
			defaultConfigurationIsVisible = 0;
			defaultConfigurationName = Release;
		};
		E7B70CF41AE4891600FF4B0B /* Build configuration list for PBXNativeTarget "aiyideTests" */ = {
			isa = XCConfigurationList;
			buildConfigurations = (
				E7B70CF51AE4891600FF4B0B /* Debug */,
				E7B70CF61AE4891600FF4B0B /* Release */,
			);
			defaultConfigurationIsVisible = 0;
			defaultConfigurationName = Release;
		};
/* End XCConfigurationList section */
	};
	rootObject = E7B70CC61AE4891500FF4B0B /* Project object */;
}
